
Microsoft Visual Studio Solution File, Format Version 12.00
# Visual Studio Version 17
VisualStudioVersion = 17.5.002.0
MinimumVisualStudioVersion = 10.0.40219.1
Project("{9A19103F-16F7-4668-BE54-9A1E7A4F7556}") = "ProgrammingExercises", "ProgrammingExercises.csproj", "{7EA35283-BEAD-46C4-88D9-EDE195B3A639}"
EndProject
Project("{FAE04EC0-301F-11D3-BF4B-00C04F79EFBC}") = "BrainTwisterPresentation", "..\BrainTwisterPresentation\BrainTwisterPresentation.csproj", "{05C9B7F2-7664-4856-A937-7CB948D97B51}"
EndProject
<<<<<<< HEAD
<<<<<<< HEAD
Project("{FAE04EC0-301F-11D3-BF4B-00C04F79EFBC}") = "OOP", "..\OOP\OOP.csproj", "{330D31C4-443A-4211-B67F-FFBFC16B9A2A}"
EndProject
Project("{FAE04EC0-301F-11D3-BF4B-00C04F79EFBC}") = "OOP1", "..\OOP1\OOP1.csproj", "{81223A7A-54AE-4ACD-88FC-333146D3CD27}"
EndProject
Project("{FAE04EC0-301F-11D3-BF4B-00C04F79EFBC}") = "OOP1", "..\OOP\OOP1.csproj", "{D1B6E16F-607A-43E8-8944-93F80BA6A5E9}"
EndProject
=======
>>>>>>> parent of 54d8c29 (OOP)
=======
>>>>>>> parent of 54d8c29 (OOP)
Global
	GlobalSection(SolutionConfigurationPlatforms) = preSolution
		Debug|Any CPU = Debug|Any CPU
		Release|Any CPU = Release|Any CPU
	EndGlobalSection
	GlobalSection(ProjectConfigurationPlatforms) = postSolution
		{7EA35283-BEAD-46C4-88D9-EDE195B3A639}.Debug|Any CPU.ActiveCfg = Debug|Any CPU
		{7EA35283-BEAD-46C4-88D9-EDE195B3A639}.Debug|Any CPU.Build.0 = Debug|Any CPU
		{7EA35283-BEAD-46C4-88D9-EDE195B3A639}.Release|Any CPU.ActiveCfg = Release|Any CPU
		{7EA35283-BEAD-46C4-88D9-EDE195B3A639}.Release|Any CPU.Build.0 = Release|Any CPU
		{D5A36A54-4035-488F-B980-E778F9CACC8D}.Debug|Any CPU.ActiveCfg = Debug|Any CPU
		{D5A36A54-4035-488F-B980-E778F9CACC8D}.Debug|Any CPU.Build.0 = Debug|Any CPU
		{D5A36A54-4035-488F-B980-E778F9CACC8D}.Release|Any CPU.ActiveCfg = Release|Any CPU
		{D5A36A54-4035-488F-B980-E778F9CACC8D}.Release|Any CPU.Build.0 = Release|Any CPU
		{05C9B7F2-7664-4856-A937-7CB948D97B51}.Debug|Any CPU.ActiveCfg = Debug|Any CPU
		{05C9B7F2-7664-4856-A937-7CB948D97B51}.Debug|Any CPU.Build.0 = Debug|Any CPU
		{05C9B7F2-7664-4856-A937-7CB948D97B51}.Release|Any CPU.ActiveCfg = Release|Any CPU
		{05C9B7F2-7664-4856-A937-7CB948D97B51}.Release|Any CPU.Build.0 = Release|Any CPU
<<<<<<< HEAD
<<<<<<< HEAD
		{330D31C4-443A-4211-B67F-FFBFC16B9A2A}.Debug|Any CPU.ActiveCfg = Debug|Any CPU
		{330D31C4-443A-4211-B67F-FFBFC16B9A2A}.Debug|Any CPU.Build.0 = Debug|Any CPU
		{330D31C4-443A-4211-B67F-FFBFC16B9A2A}.Release|Any CPU.ActiveCfg = Release|Any CPU
		{330D31C4-443A-4211-B67F-FFBFC16B9A2A}.Release|Any CPU.Build.0 = Release|Any CPU
		{81223A7A-54AE-4ACD-88FC-333146D3CD27}.Debug|Any CPU.ActiveCfg = Debug|Any CPU
		{81223A7A-54AE-4ACD-88FC-333146D3CD27}.Debug|Any CPU.Build.0 = Debug|Any CPU
		{81223A7A-54AE-4ACD-88FC-333146D3CD27}.Release|Any CPU.ActiveCfg = Release|Any CPU
		{81223A7A-54AE-4ACD-88FC-333146D3CD27}.Release|Any CPU.Build.0 = Release|Any CPU
		{D1B6E16F-607A-43E8-8944-93F80BA6A5E9}.Debug|Any CPU.ActiveCfg = Debug|Any CPU
		{D1B6E16F-607A-43E8-8944-93F80BA6A5E9}.Debug|Any CPU.Build.0 = Debug|Any CPU
		{D1B6E16F-607A-43E8-8944-93F80BA6A5E9}.Release|Any CPU.ActiveCfg = Release|Any CPU
		{D1B6E16F-607A-43E8-8944-93F80BA6A5E9}.Release|Any CPU.Build.0 = Release|Any CPU
=======
>>>>>>> parent of 54d8c29 (OOP)
=======
>>>>>>> parent of 54d8c29 (OOP)
	EndGlobalSection
	GlobalSection(SolutionProperties) = preSolution
		HideSolutionNode = FALSE
	EndGlobalSection
	GlobalSection(ExtensibilityGlobals) = postSolution
		SolutionGuid = {DC06958C-3D14-4636-B692-430036195516}
	EndGlobalSection
EndGlobal
